// !$*UTF8*$!
{
	archiveVersion = 1;
	classes = {
	};
	objectVersion = 46;
	objects = {

/* Begin PBXBuildFile section */
		EE0516031E26889800423CA1 /* AppDelegate.swift in Sources */ = {isa = PBXBuildFile; fileRef = EE0516021E26889800423CA1 /* AppDelegate.swift */; };
		EE0516051E26889800423CA1 /* ViewController.swift in Sources */ = {isa = PBXBuildFile; fileRef = EE0516041E26889800423CA1 /* ViewController.swift */; };
		EE0516081E26889800423CA1 /* Main.storyboard in Resources */ = {isa = PBXBuildFile; fileRef = EE0516061E26889800423CA1 /* Main.storyboard */; };
		EE05160A1E26889800423CA1 /* Assets.xcassets in Resources */ = {isa = PBXBuildFile; fileRef = EE0516091E26889800423CA1 /* Assets.xcassets */; };
		EE05160D1E26889800423CA1 /* LaunchScreen.storyboard in Resources */ = {isa = PBXBuildFile; fileRef = EE05160B1E26889800423CA1 /* LaunchScreen.storyboard */; };
		EE0516181E26889800423CA1 /* MemeMe_v1_0Tests.swift in Sources */ = {isa = PBXBuildFile; fileRef = EE0516171E26889800423CA1 /* MemeMe_v1_0Tests.swift */; };
		EE0516231E26889800423CA1 /* MemeMe_v1_0UITests.swift in Sources */ = {isa = PBXBuildFile; fileRef = EE0516221E26889800423CA1 /* MemeMe_v1_0UITests.swift */; };
/* End PBXBuildFile section */

/* Begin PBXContainerItemProxy section */
		EE0516141E26889800423CA1 /* PBXContainerItemProxy */ = {
			isa = PBXContainerItemProxy;
			containerPortal = EE0515F71E26889800423CA1 /* Project object */;
			proxyType = 1;
			remoteGlobalIDString = EE0515FE1E26889800423CA1;
			remoteInfo = "MemeMe-v1.0";
		};
		EE05161F1E26889800423CA1 /* PBXContainerItemProxy */ = {
			isa = PBXContainerItemProxy;
			containerPortal = EE0515F71E26889800423CA1 /* Project object */;
			proxyType = 1;
			remoteGlobalIDString = EE0515FE1E26889800423CA1;
			remoteInfo = "MemeMe-v1.0";
		};
/* End PBXContainerItemProxy section */

/* Begin PBXFileReference section */
		EE0515FF1E26889800423CA1 /* MemeMe-v1.0.app */ = {isa = PBXFileReference; explicitFileType = wrapper.application; includeInIndex = 0; path = "MemeMe-v1.0.app"; sourceTree = BUILT_PRODUCTS_DIR; };
		EE0516021E26889800423CA1 /* AppDelegate.swift */ = {isa = PBXFileReference; lastKnownFileType = sourcecode.swift; path = AppDelegate.swift; sourceTree = "<group>"; };
		EE0516041E26889800423CA1 /* ViewController.swift */ = {isa = PBXFileReference; lastKnownFileType = sourcecode.swift; path = ViewController.swift; sourceTree = "<group>"; };
		EE0516071E26889800423CA1 /* Base */ = {isa = PBXFileReference; lastKnownFileType = file.storyboard; name = Base; path = Base.lproj/Main.storyboard; sourceTree = "<group>"; };
		EE0516091E26889800423CA1 /* Assets.xcassets */ = {isa = PBXFileReference; lastKnownFileType = folder.assetcatalog; path = Assets.xcassets; sourceTree = "<group>"; };
		EE05160C1E26889800423CA1 /* Base */ = {isa = PBXFileReference; lastKnownFileType = file.storyboard; name = Base; path = Base.lproj/LaunchScreen.storyboard; sourceTree = "<group>"; };
		EE05160E1E26889800423CA1 /* Info.plist */ = {isa = PBXFileReference; lastKnownFileType = text.plist.xml; path = Info.plist; sourceTree = "<group>"; };
		EE0516131E26889800423CA1 /* MemeMe-v1.0Tests.xctest */ = {isa = PBXFileReference; explicitFileType = wrapper.cfbundle; includeInIndex = 0; path = "MemeMe-v1.0Tests.xctest"; sourceTree = BUILT_PRODUCTS_DIR; };
		EE0516171E26889800423CA1 /* MemeMe_v1_0Tests.swift */ = {isa = PBXFileReference; lastKnownFileType = sourcecode.swift; path = MemeMe_v1_0Tests.swift; sourceTree = "<group>"; };
		EE0516191E26889800423CA1 /* Info.plist */ = {isa = PBXFileReference; lastKnownFileType = text.plist.xml; path = Info.plist; sourceTree = "<group>"; };
		EE05161E1E26889800423CA1 /* MemeMe-v1.0UITests.xctest */ = {isa = PBXFileReference; explicitFileType = wrapper.cfbundle; includeInIndex = 0; path = "MemeMe-v1.0UITests.xctest"; sourceTree = BUILT_PRODUCTS_DIR; };
		EE0516221E26889800423CA1 /* MemeMe_v1_0UITests.swift */ = {isa = PBXFileReference; lastKnownFileType = sourcecode.swift; path = MemeMe_v1_0UITests.swift; sourceTree = "<group>"; };
		EE0516241E26889800423CA1 /* Info.plist */ = {isa = PBXFileReference; lastKnownFileType = text.plist.xml; path = Info.plist; sourceTree = "<group>"; };
/* End PBXFileReference section */

/* Begin PBXFrameworksBuildPhase section */
		EE0515FC1E26889800423CA1 /* Frameworks */ = {
			isa = PBXFrameworksBuildPhase;
			buildActionMask = 2147483647;
			files = (
			);
			runOnlyForDeploymentPostprocessing = 0;
		};
		EE0516101E26889800423CA1 /* Frameworks */ = {
			isa = PBXFrameworksBuildPhase;
			buildActionMask = 2147483647;
			files = (
			);
			runOnlyForDeploymentPostprocessing = 0;
		};
		EE05161B1E26889800423CA1 /* Frameworks */ = {
			isa = PBXFrameworksBuildPhase;
			buildActionMask = 2147483647;
			files = (
			);
			runOnlyForDeploymentPostprocessing = 0;
		};
/* End PBXFrameworksBuildPhase section */

/* Begin PBXGroup section */
		EE0515F61E26889800423CA1 = {
			isa = PBXGroup;
			children = (
				EE0516011E26889800423CA1 /* MemeMe-v1.0 */,
				EE0516161E26889800423CA1 /* MemeMe-v1.0Tests */,
				EE0516211E26889800423CA1 /* MemeMe-v1.0UITests */,
				EE0516001E26889800423CA1 /* Products */,
			);
			sourceTree = "<group>";
		};
		EE0516001E26889800423CA1 /* Products */ = {
			isa = PBXGroup;
			children = (
				EE0515FF1E26889800423CA1 /* MemeMe-v1.0.app */,
				EE0516131E26889800423CA1 /* MemeMe-v1.0Tests.xctest */,
				EE05161E1E26889800423CA1 /* MemeMe-v1.0UITests.xctest */,
			);
			name = Products;
			sourceTree = "<group>";
		};
		EE0516011E26889800423CA1 /* MemeMe-v1.0 */ = {
			isa = PBXGroup;
			children = (
				EE0516021E26889800423CA1 /* AppDelegate.swift */,
				EE0516041E26889800423CA1 /* ViewController.swift */,
				EE0516061E26889800423CA1 /* Main.storyboard */,
				EE0516091E26889800423CA1 /* Assets.xcassets */,
				EE05160B1E26889800423CA1 /* LaunchScreen.storyboard */,
				EE05160E1E26889800423CA1 /* Info.plist */,
			);
			path = "MemeMe-v1.0";
			sourceTree = "<group>";
		};
		EE0516161E26889800423CA1 /* MemeMe-v1.0Tests */ = {
			isa = PBXGroup;
			children = (
				EE0516171E26889800423CA1 /* MemeMe_v1_0Tests.swift */,
				EE0516191E26889800423CA1 /* Info.plist */,
			);
			path = "MemeMe-v1.0Tests";
			sourceTree = "<group>";
		};
		EE0516211E26889800423CA1 /* MemeMe-v1.0UITests */ = {
			isa = PBXGroup;
			children = (
				EE0516221E26889800423CA1 /* MemeMe_v1_0UITests.swift */,
				EE0516241E26889800423CA1 /* Info.plist */,
			);
			path = "MemeMe-v1.0UITests";
			sourceTree = "<group>";
		};
/* End PBXGroup section */

/* Begin PBXNativeTarget section */
		EE0515FE1E26889800423CA1 /* MemeMe-v1.0 */ = {
			isa = PBXNativeTarget;
			buildConfigurationList = EE0516271E26889800423CA1 /* Build configuration list for PBXNativeTarget "MemeMe-v1.0" */;
			buildPhases = (
				EE0515FB1E26889800423CA1 /* Sources */,
				EE0515FC1E26889800423CA1 /* Frameworks */,
				EE0515FD1E26889800423CA1 /* Resources */,
			);
			buildRules = (
			);
			dependencies = (
			);
			name = "MemeMe-v1.0";
			productName = "MemeMe-v1.0";
			productReference = EE0515FF1E26889800423CA1 /* MemeMe-v1.0.app */;
			productType = "com.apple.product-type.application";
		};
		EE0516121E26889800423CA1 /* MemeMe-v1.0Tests */ = {
			isa = PBXNativeTarget;
			buildConfigurationList = EE05162A1E26889800423CA1 /* Build configuration list for PBXNativeTarget "MemeMe-v1.0Tests" */;
			buildPhases = (
				EE05160F1E26889800423CA1 /* Sources */,
				EE0516101E26889800423CA1 /* Frameworks */,
				EE0516111E26889800423CA1 /* Resources */,
			);
			buildRules = (
			);
			dependencies = (
				EE0516151E26889800423CA1 /* PBXTargetDependency */,
			);
			name = "MemeMe-v1.0Tests";
			productName = "MemeMe-v1.0Tests";
			productReference = EE0516131E26889800423CA1 /* MemeMe-v1.0Tests.xctest */;
			productType = "com.apple.product-type.bundle.unit-test";
		};
		EE05161D1E26889800423CA1 /* MemeMe-v1.0UITests */ = {
			isa = PBXNativeTarget;
			buildConfigurationList = EE05162D1E26889800423CA1 /* Build configuration list for PBXNativeTarget "MemeMe-v1.0UITests" */;
			buildPhases = (
				EE05161A1E26889800423CA1 /* Sources */,
				EE05161B1E26889800423CA1 /* Frameworks */,
				EE05161C1E26889800423CA1 /* Resources */,
			);
			buildRules = (
			);
			dependencies = (
				EE0516201E26889800423CA1 /* PBXTargetDependency */,
			);
			name = "MemeMe-v1.0UITests";
			productName = "MemeMe-v1.0UITests";
			productReference = EE05161E1E26889800423CA1 /* MemeMe-v1.0UITests.xctest */;
			productType = "com.apple.product-type.bundle.ui-testing";
		};
/* End PBXNativeTarget section */

/* Begin PBXProject section */
		EE0515F71E26889800423CA1 /* Project object */ = {
			isa = PBXProject;
			attributes = {
				LastSwiftUpdateCheck = 0800;
				LastUpgradeCheck = 0800;
				ORGANIZATIONNAME = "Renato Semadeni";
				TargetAttributes = {
					EE0515FE1E26889800423CA1 = {
						CreatedOnToolsVersion = 8.0;
						ProvisioningStyle = Automatic;
					};
					EE0516121E26889800423CA1 = {
						CreatedOnToolsVersion = 8.0;
						ProvisioningStyle = Automatic;
						TestTargetID = EE0515FE1E26889800423CA1;
					};
					EE05161D1E26889800423CA1 = {
						CreatedOnToolsVersion = 8.0;
						ProvisioningStyle = Automatic;
						TestTargetID = EE0515FE1E26889800423CA1;
					};
				};
			};
			buildConfigurationList = EE0515FA1E26889800423CA1 /* Build configuration list for PBXProject "MemeMe-v1.0" */;
			compatibilityVersion = "Xcode 3.2";
			developmentRegion = English;
			hasScannedForEncodings = 0;
			knownRegions = (
				en,
				Base,
			);
			mainGroup = EE0515F61E26889800423CA1;
			productRefGroup = EE0516001E26889800423CA1 /* Products */;
			projectDirPath = "";
			projectRoot = "";
			targets = (
				EE0515FE1E26889800423CA1 /* MemeMe-v1.0 */,
				EE0516121E26889800423CA1 /* MemeMe-v1.0Tests */,
				EE05161D1E26889800423CA1 /* MemeMe-v1.0UITests */,
			);
		};
/* End PBXProject section */

/* Begin PBXResourcesBuildPhase section */
		EE0515FD1E26889800423CA1 /* Resources */ = {
			isa = PBXResourcesBuildPhase;
			buildActionMask = 2147483647;
			files = (
				EE05160D1E26889800423CA1 /* LaunchScreen.storyboard in Resources */,
				EE05160A1E26889800423CA1 /* Assets.xcassets in Resources */,
				EE0516081E26889800423CA1 /* Main.storyboard in Resources */,
			);
			runOnlyForDeploymentPostprocessing = 0;
		};
		EE0516111E26889800423CA1 /* Resources */ = {
			isa = PBXResourcesBuildPhase;
			buildActionMask = 2147483647;
			files = (
			);
			runOnlyForDeploymentPostprocessing = 0;
		};
		EE05161C1E26889800423CA1 /* Resources */ = {
			isa = PBXResourcesBuildPhase;
			buildActionMask = 2147483647;
			files = (
			);
			runOnlyForDeploymentPostprocessing = 0;
		};
/* End PBXResourcesBuildPhase section */

/* Begin PBXSourcesBuildPhase section */
		EE0515FB1E26889800423CA1 /* Sources */ = {
			isa = PBXSourcesBuildPhase;
			buildActionMask = 2147483647;
			files = (
				EE0516051E26889800423CA1 /* ViewController.swift in Sources */,
				EE0516031E26889800423CA1 /* AppDelegate.swift in Sources */,
			);
			runOnlyForDeploymentPostprocessing = 0;
		};
		EE05160F1E26889800423CA1 /* Sources */ = {
			isa = PBXSourcesBuildPhase;
			buildActionMask = 2147483647;
			files = (
				EE0516181E26889800423CA1 /* MemeMe_v1_0Tests.swift in Sources */,
			);
			runOnlyForDeploymentPostprocessing = 0;
		};
		EE05161A1E26889800423CA1 /* Sources */ = {
			isa = PBXSourcesBuildPhase;
			buildActionMask = 2147483647;
			files = (
				EE0516231E26889800423CA1 /* MemeMe_v1_0UITests.swift in Sources */,
			);
			runOnlyForDeploymentPostprocessing = 0;
		};
/* End PBXSourcesBuildPhase section */

/* Begin PBXTargetDependency section */
		EE0516151E26889800423CA1 /* PBXTargetDependency */ = {
			isa = PBXTargetDependency;
			target = EE0515FE1E26889800423CA1 /* MemeMe-v1.0 */;
			targetProxy = EE0516141E26889800423CA1 /* PBXContainerItemProxy */;
		};
		EE0516201E26889800423CA1 /* PBXTargetDependency */ = {
			isa = PBXTargetDependency;
			target = EE0515FE1E26889800423CA1 /* MemeMe-v1.0 */;
			targetProxy = EE05161F1E26889800423CA1 /* PBXContainerItemProxy */;
		};
/* End PBXTargetDependency section */

/* Begin PBXVariantGroup section */
		EE0516061E26889800423CA1 /* Main.storyboard */ = {
			isa = PBXVariantGroup;
			children = (
				EE0516071E26889800423CA1 /* Base */,
			);
			name = Main.storyboard;
			sourceTree = "<group>";
		};
		EE05160B1E26889800423CA1 /* LaunchScreen.storyboard */ = {
			isa = PBXVariantGroup;
			children = (
				EE05160C1E26889800423CA1 /* Base */,
			);
			name = LaunchScreen.storyboard;
			sourceTree = "<group>";
		};
/* End PBXVariantGroup section */

/* Begin XCBuildConfiguration section */
		EE0516251E26889800423CA1 /* Debug */ = {
			isa = XCBuildConfiguration;
			buildSettings = {
				ALWAYS_SEARCH_USER_PATHS = NO;
				CLANG_ANALYZER_NONNULL = YES;
				CLANG_CXX_LANGUAGE_STANDARD = "gnu++0x";
				CLANG_CXX_LIBRARY = "libc++";
				CLANG_ENABLE_MODULES = YES;
				CLANG_ENABLE_OBJC_ARC = YES;
				CLANG_WARN_BOOL_CONVERSION = YES;
				CLANG_WARN_CONSTANT_CONVERSION = YES;
				CLANG_WARN_DIRECT_OBJC_ISA_USAGE = YES_ERROR;
				CLANG_WARN_DOCUMENTATION_COMMENTS = YES;
				CLANG_WARN_EMPTY_BODY = YES;
				CLANG_WARN_ENUM_CONVERSION = YES;
				CLANG_WARN_INFINITE_RECURSION = YES;
				CLANG_WARN_INT_CONVERSION = YES;
				CLANG_WARN_OBJC_ROOT_CLASS = YES_ERROR;
				CLANG_WARN_SUSPICIOUS_MOVES = YES;
				CLANG_WARN_UNREACHABLE_CODE = YES;
				CLANG_WARN__DUPLICATE_METHOD_MATCH = YES;
				"CODE_SIGN_IDENTITY[sdk=iphoneos*]" = "iPhone Developer";
				COPY_PHASE_STRIP = NO;
				DEBUG_INFORMATION_FORMAT = dwarf;
				ENABLE_STRICT_OBJC_MSGSEND = YES;
				ENABLE_TESTABILITY = YES;
				GCC_C_LANGUAGE_STANDARD = gnu99;
				GCC_DYNAMIC_NO_PIC = NO;
				GCC_NO_COMMON_BLOCKS = YES;
				GCC_OPTIMIZATION_LEVEL = 0;
				GCC_PREPROCESSOR_DEFINITIONS = (
					"DEBUG=1",
					"$(inherited)",
				);
				GCC_WARN_64_TO_32_BIT_CONVERSION = YES;
				GCC_WARN_ABOUT_RETURN_TYPE = YES_ERROR;
				GCC_WARN_UNDECLARED_SELECTOR = YES;
				GCC_WARN_UNINITIALIZED_AUTOS = YES_AGGRESSIVE;
				GCC_WARN_UNUSED_FUNCTION = YES;
				GCC_WARN_UNUSED_VARIABLE = YES;
				IPHONEOS_DEPLOYMENT_TARGET = 10.0;
				MTL_ENABLE_DEBUG_INFO = YES;
				ONLY_ACTIVE_ARCH = YES;
				SDKROOT = iphoneos;
				SWIFT_ACTIVE_COMPILATION_CONDITIONS = DEBUG;
				SWIFT_OPTIMIZATION_LEVEL = "-Onone";
				TARGETED_DEVICE_FAMILY = "1,2";
			};
			name = Debug;
		};
		EE0516261E26889800423CA1 /* Release */ = {
			isa = XCBuildConfiguration;
			buildSettings = {
				ALWAYS_SEARCH_USER_PATHS = NO;
				CLANG_ANALYZER_NONNULL = YES;
				CLANG_CXX_LANGUAGE_STANDARD = "gnu++0x";
				CLANG_CXX_LIBRARY = "libc++";
				CLANG_ENABLE_MODULES = YES;
				CLANG_ENABLE_OBJC_ARC = YES;
				CLANG_WARN_BOOL_CONVERSION = YES;
				CLANG_WARN_CONSTANT_CONVERSION = YES;
				CLANG_WARN_DIRECT_OBJC_ISA_USAGE = YES_ERROR;
				CLANG_WARN_DOCUMENTATION_COMMENTS = YES;
				CLANG_WARN_EMPTY_BODY = YES;
				CLANG_WARN_ENUM_CONVERSION = YES;
				CLANG_WARN_INFINITE_RECURSION = YES;
				CLANG_WARN_INT_CONVERSION = YES;
				CLANG_WARN_OBJC_ROOT_CLASS = YES_ERROR;
				CLANG_WARN_SUSPICIOUS_MOVES = YES;
				CLANG_WARN_UNREACHABLE_CODE = YES;
				CLANG_WARN__DUPLICATE_METHOD_MATCH = YES;
				"CODE_SIGN_IDENTITY[sdk=iphoneos*]" = "iPhone Developer";
				COPY_PHASE_STRIP = NO;
				DEBUG_INFORMATION_FORMAT = "dwarf-with-dsym";
				ENABLE_NS_ASSERTIONS = NO;
				ENABLE_STRICT_OBJC_MSGSEND = YES;
				GCC_C_LANGUAGE_STANDARD = gnu99;
				GCC_NO_COMMON_BLOCKS = YES;
				GCC_WARN_64_TO_32_BIT_CONVERSION = YES;
				GCC_WARN_ABOUT_RETURN_TYPE = YES_ERROR;
				GCC_WARN_UNDECLARED_SELECTOR = YES;
				GCC_WARN_UNINITIALIZED_AUTOS = YES_AGGRESSIVE;
				GCC_WARN_UNUSED_FUNCTION = YES;
				GCC_WARN_UNUSED_VARIABLE = YES;
				IPHONEOS_DEPLOYMENT_TARGET = 10.0;
				MTL_ENABLE_DEBUG_INFO = NO;
				SDKROOT = iphoneos;
				SWIFT_OPTIMIZATION_LEVEL = "-Owholemodule";
				TARGETED_DEVICE_FAMILY = "1,2";
				VALIDATE_PRODUCT = YES;
			};
			name = Release;
		};
		EE0516281E26889800423CA1 /* Debug */ = {
			isa = XCBuildConfiguration;
			buildSettings = {
				ASSETCATALOG_COMPILER_APPICON_NAME = AppIcon;
				INFOPLIST_FILE = "MemeMe-v1.0/Info.plist";
				LD_RUNPATH_SEARCH_PATHS = "$(inherited) @executable_path/Frameworks";
				PRODUCT_BUNDLE_IDENTIFIER = "resema.MemeMe-v1-0";
				PRODUCT_NAME = "$(TARGET_NAME)";
				SWIFT_VERSION = 3.0;
			};
			name = Debug;
		};
		EE0516291E26889800423CA1 /* Release */ = {
			isa = XCBuildConfiguration;
			buildSettings = {
				ASSETCATALOG_COMPILER_APPICON_NAME = AppIcon;
				INFOPLIST_FILE = "MemeMe-v1.0/Info.plist";
				LD_RUNPATH_SEARCH_PATHS = "$(inherited) @executable_path/Frameworks";
				PRODUCT_BUNDLE_IDENTIFIER = "resema.MemeMe-v1-0";
				PRODUCT_NAME = "$(TARGET_NAME)";
				SWIFT_VERSION = 3.0;
			};
			name = Release;
		};
		EE05162B1E26889800423CA1 /* Debug */ = {
			isa = XCBuildConfiguration;
			buildSettings = {
				ALWAYS_EMBED_SWIFT_STANDARD_LIBRARIES = YES;
				BUNDLE_LOADER = "$(TEST_HOST)";
				INFOPLIST_FILE = "MemeMe-v1.0Tests/Info.plist";
				LD_RUNPATH_SEARCH_PATHS = "$(inherited) @executable_path/Frameworks @loader_path/Frameworks";
				PRODUCT_BUNDLE_IDENTIFIER = "resema.MemeMe-v1-0Tests";
				PRODUCT_NAME = "$(TARGET_NAME)";
				SWIFT_VERSION = 3.0;
				TEST_HOST = "$(BUILT_PRODUCTS_DIR)/MemeMe-v1.0.app/MemeMe-v1.0";
			};
			name = Debug;
		};
		EE05162C1E26889800423CA1 /* Release */ = {
			isa = XCBuildConfiguration;
			buildSettings = {
				ALWAYS_EMBED_SWIFT_STANDARD_LIBRARIES = YES;
				BUNDLE_LOADER = "$(TEST_HOST)";
				INFOPLIST_FILE = "MemeMe-v1.0Tests/Info.plist";
				LD_RUNPATH_SEARCH_PATHS = "$(inherited) @executable_path/Frameworks @loader_path/Frameworks";
				PRODUCT_BUNDLE_IDENTIFIER = "resema.MemeMe-v1-0Tests";
				PRODUCT_NAME = "$(TARGET_NAME)";
				SWIFT_VERSION = 3.0;
				TEST_HOST = "$(BUILT_PRODUCTS_DIR)/MemeMe-v1.0.app/MemeMe-v1.0";
			};
			name = Release;
		};
		EE05162E1E26889800423CA1 /* Debug */ = {
			isa = XCBuildConfiguration;
			buildSettings = {
				ALWAYS_EMBED_SWIFT_STANDARD_LIBRARIES = YES;
				INFOPLIST_FILE = "MemeMe-v1.0UITests/Info.plist";
				LD_RUNPATH_SEARCH_PATHS = "$(inherited) @executable_path/Frameworks @loader_path/Frameworks";
				PRODUCT_BUNDLE_IDENTIFIER = "resema.MemeMe-v1-0UITests";
				PRODUCT_NAME = "$(TARGET_NAME)";
				SWIFT_VERSION = 3.0;
				TEST_TARGET_NAME = "MemeMe-v1.0";
			};
			name = Debug;
		};
		EE05162F1E26889800423CA1 /* Release */ = {
			isa = XCBuildConfiguration;
			buildSettings = {
				ALWAYS_EMBED_SWIFT_STANDARD_LIBRARIES = YES;
				INFOPLIST_FILE = "MemeMe-v1.0UITests/Info.plist";
				LD_RUNPATH_SEARCH_PATHS = "$(inherited) @executable_path/Frameworks @loader_path/Frameworks";
				PRODUCT_BUNDLE_IDENTIFIER = "resema.MemeMe-v1-0UITests";
				PRODUCT_NAME = "$(TARGET_NAME)";
				SWIFT_VERSION = 3.0;
				TEST_TARGET_NAME = "MemeMe-v1.0";
			};
			name = Release;
		};
/* End XCBuildConfiguration section */

/* Begin XCConfigurationList section */
		EE0515FA1E26889800423CA1 /* Build configuration list for PBXProject "MemeMe-v1.0" */ = {
			isa = XCConfigurationList;
			buildConfigurations = (
				EE0516251E26889800423CA1 /* Debug */,
				EE0516261E26889800423CA1 /* Release */,
			);
			defaultConfigurationIsVisible = 0;
			defaultConfigurationName = Release;
		};
		EE0516271E26889800423CA1 /* Build configuration list for PBXNativeTarget "MemeMe-v1.0" */ = {
			isa = XCConfigurationList;
			buildConfigurations = (
				EE0516281E26889800423CA1 /* Debug */,
				EE0516291E26889800423CA1 /* Release */,
			);
			defaultConfigurationIsVisible = 0;
		};
		EE05162A1E26889800423CA1 /* Build configuration list for PBXNativeTarget "MemeMe-v1.0Tests" */ = {
			isa = XCConfigurationList;
			buildConfigurations = (
				EE05162B1E26889800423CA1 /* Debug */,
				EE05162C1E26889800423CA1 /* Release */,
			);
			defaultConfigurationIsVisible = 0;
		};
		EE05162D1E26889800423CA1 /* Build configuration list for PBXNativeTarget "MemeMe-v1.0UITests" */ = {
			isa = XCConfigurationList;
			buildConfigurations = (
				EE05162E1E26889800423CA1 /* Debug */,
				EE05162F1E26889800423CA1 /* Release */,
			);
			defaultConfigurationIsVisible = 0;
		};
/* End XCConfigurationList section */
	};
	rootObject = EE0515F71E26889800423CA1 /* Project object */;
}
