// !$*UTF8*$!
{
	archiveVersion = 1;
	classes = {
	};
	objectVersion = 46;
	objects = {

/* Begin PBXBuildFile section */
		EE68DE101E25802100914993 /* AppDelegate.swift in Sources */ = {isa = PBXBuildFile; fileRef = EE68DE0F1E25802100914993 /* AppDelegate.swift */; };
		EE68DE121E25802100914993 /* ViewController.swift in Sources */ = {isa = PBXBuildFile; fileRef = EE68DE111E25802100914993 /* ViewController.swift */; };
		EE68DE151E25802100914993 /* Main.storyboard in Resources */ = {isa = PBXBuildFile; fileRef = EE68DE131E25802100914993 /* Main.storyboard */; };
		EE68DE171E25802100914993 /* Assets.xcassets in Resources */ = {isa = PBXBuildFile; fileRef = EE68DE161E25802100914993 /* Assets.xcassets */; };
		EE68DE1A1E25802100914993 /* LaunchScreen.storyboard in Resources */ = {isa = PBXBuildFile; fileRef = EE68DE181E25802100914993 /* LaunchScreen.storyboard */; };
		EE68DE251E25802100914993 /* step_2_6_roshamboTests.swift in Sources */ = {isa = PBXBuildFile; fileRef = EE68DE241E25802100914993 /* step_2_6_roshamboTests.swift */; };
		EE68DE301E25802100914993 /* step_2_6_roshamboUITests.swift in Sources */ = {isa = PBXBuildFile; fileRef = EE68DE2F1E25802100914993 /* step_2_6_roshamboUITests.swift */; };
		EE68DE3E1E2582AD00914993 /* ChoiceViewController.swift in Sources */ = {isa = PBXBuildFile; fileRef = EE68DE3D1E2582AD00914993 /* ChoiceViewController.swift */; };
/* End PBXBuildFile section */

/* Begin PBXContainerItemProxy section */
		EE68DE211E25802100914993 /* PBXContainerItemProxy */ = {
			isa = PBXContainerItemProxy;
			containerPortal = EE68DE041E25802000914993 /* Project object */;
			proxyType = 1;
			remoteGlobalIDString = EE68DE0B1E25802000914993;
			remoteInfo = "step-2.6-roshambo";
		};
		EE68DE2C1E25802100914993 /* PBXContainerItemProxy */ = {
			isa = PBXContainerItemProxy;
			containerPortal = EE68DE041E25802000914993 /* Project object */;
			proxyType = 1;
			remoteGlobalIDString = EE68DE0B1E25802000914993;
			remoteInfo = "step-2.6-roshambo";
		};
/* End PBXContainerItemProxy section */

/* Begin PBXFileReference section */
		EE68DE0C1E25802100914993 /* step-2.6-roshambo.app */ = {isa = PBXFileReference; explicitFileType = wrapper.application; includeInIndex = 0; path = "step-2.6-roshambo.app"; sourceTree = BUILT_PRODUCTS_DIR; };
		EE68DE0F1E25802100914993 /* AppDelegate.swift */ = {isa = PBXFileReference; lastKnownFileType = sourcecode.swift; path = AppDelegate.swift; sourceTree = "<group>"; };
		EE68DE111E25802100914993 /* ViewController.swift */ = {isa = PBXFileReference; lastKnownFileType = sourcecode.swift; path = ViewController.swift; sourceTree = "<group>"; };
		EE68DE141E25802100914993 /* Base */ = {isa = PBXFileReference; lastKnownFileType = file.storyboard; name = Base; path = Base.lproj/Main.storyboard; sourceTree = "<group>"; };
		EE68DE161E25802100914993 /* Assets.xcassets */ = {isa = PBXFileReference; lastKnownFileType = folder.assetcatalog; path = Assets.xcassets; sourceTree = "<group>"; };
		EE68DE191E25802100914993 /* Base */ = {isa = PBXFileReference; lastKnownFileType = file.storyboard; name = Base; path = Base.lproj/LaunchScreen.storyboard; sourceTree = "<group>"; };
		EE68DE1B1E25802100914993 /* Info.plist */ = {isa = PBXFileReference; lastKnownFileType = text.plist.xml; path = Info.plist; sourceTree = "<group>"; };
		EE68DE201E25802100914993 /* step-2.6-roshamboTests.xctest */ = {isa = PBXFileReference; explicitFileType = wrapper.cfbundle; includeInIndex = 0; path = "step-2.6-roshamboTests.xctest"; sourceTree = BUILT_PRODUCTS_DIR; };
		EE68DE241E25802100914993 /* step_2_6_roshamboTests.swift */ = {isa = PBXFileReference; lastKnownFileType = sourcecode.swift; path = step_2_6_roshamboTests.swift; sourceTree = "<group>"; };
		EE68DE261E25802100914993 /* Info.plist */ = {isa = PBXFileReference; lastKnownFileType = text.plist.xml; path = Info.plist; sourceTree = "<group>"; };
		EE68DE2B1E25802100914993 /* step-2.6-roshamboUITests.xctest */ = {isa = PBXFileReference; explicitFileType = wrapper.cfbundle; includeInIndex = 0; path = "step-2.6-roshamboUITests.xctest"; sourceTree = BUILT_PRODUCTS_DIR; };
		EE68DE2F1E25802100914993 /* step_2_6_roshamboUITests.swift */ = {isa = PBXFileReference; lastKnownFileType = sourcecode.swift; path = step_2_6_roshamboUITests.swift; sourceTree = "<group>"; };
		EE68DE311E25802100914993 /* Info.plist */ = {isa = PBXFileReference; lastKnownFileType = text.plist.xml; path = Info.plist; sourceTree = "<group>"; };
		EE68DE3D1E2582AD00914993 /* ChoiceViewController.swift */ = {isa = PBXFileReference; fileEncoding = 4; lastKnownFileType = sourcecode.swift; path = ChoiceViewController.swift; sourceTree = "<group>"; };
/* End PBXFileReference section */

/* Begin PBXFrameworksBuildPhase section */
		EE68DE091E25802000914993 /* Frameworks */ = {
			isa = PBXFrameworksBuildPhase;
			buildActionMask = 2147483647;
			files = (
			);
			runOnlyForDeploymentPostprocessing = 0;
		};
		EE68DE1D1E25802100914993 /* Frameworks */ = {
			isa = PBXFrameworksBuildPhase;
			buildActionMask = 2147483647;
			files = (
			);
			runOnlyForDeploymentPostprocessing = 0;
		};
		EE68DE281E25802100914993 /* Frameworks */ = {
			isa = PBXFrameworksBuildPhase;
			buildActionMask = 2147483647;
			files = (
			);
			runOnlyForDeploymentPostprocessing = 0;
		};
/* End PBXFrameworksBuildPhase section */

/* Begin PBXGroup section */
		EE68DE031E25802000914993 = {
			isa = PBXGroup;
			children = (
				EE68DE0E1E25802100914993 /* step-2.6-roshambo */,
				EE68DE231E25802100914993 /* step-2.6-roshamboTests */,
				EE68DE2E1E25802100914993 /* step-2.6-roshamboUITests */,
				EE68DE0D1E25802100914993 /* Products */,
			);
			sourceTree = "<group>";
		};
		EE68DE0D1E25802100914993 /* Products */ = {
			isa = PBXGroup;
			children = (
				EE68DE0C1E25802100914993 /* step-2.6-roshambo.app */,
				EE68DE201E25802100914993 /* step-2.6-roshamboTests.xctest */,
				EE68DE2B1E25802100914993 /* step-2.6-roshamboUITests.xctest */,
			);
			name = Products;
			sourceTree = "<group>";
		};
		EE68DE0E1E25802100914993 /* step-2.6-roshambo */ = {
			isa = PBXGroup;
			children = (
				EE68DE0F1E25802100914993 /* AppDelegate.swift */,
				EE68DE111E25802100914993 /* ViewController.swift */,
				EE68DE131E25802100914993 /* Main.storyboard */,
				EE68DE161E25802100914993 /* Assets.xcassets */,
				EE68DE181E25802100914993 /* LaunchScreen.storyboard */,
				EE68DE1B1E25802100914993 /* Info.plist */,
				EE68DE3D1E2582AD00914993 /* ChoiceViewController.swift */,
			);
			path = "step-2.6-roshambo";
			sourceTree = "<group>";
		};
		EE68DE231E25802100914993 /* step-2.6-roshamboTests */ = {
			isa = PBXGroup;
			children = (
				EE68DE241E25802100914993 /* step_2_6_roshamboTests.swift */,
				EE68DE261E25802100914993 /* Info.plist */,
			);
			path = "step-2.6-roshamboTests";
			sourceTree = "<group>";
		};
		EE68DE2E1E25802100914993 /* step-2.6-roshamboUITests */ = {
			isa = PBXGroup;
			children = (
				EE68DE2F1E25802100914993 /* step_2_6_roshamboUITests.swift */,
				EE68DE311E25802100914993 /* Info.plist */,
			);
			path = "step-2.6-roshamboUITests";
			sourceTree = "<group>";
		};
/* End PBXGroup section */

/* Begin PBXNativeTarget section */
		EE68DE0B1E25802000914993 /* step-2.6-roshambo */ = {
			isa = PBXNativeTarget;
			buildConfigurationList = EE68DE341E25802100914993 /* Build configuration list for PBXNativeTarget "step-2.6-roshambo" */;
			buildPhases = (
				EE68DE081E25802000914993 /* Sources */,
				EE68DE091E25802000914993 /* Frameworks */,
				EE68DE0A1E25802000914993 /* Resources */,
			);
			buildRules = (
			);
			dependencies = (
			);
			name = "step-2.6-roshambo";
			productName = "step-2.6-roshambo";
			productReference = EE68DE0C1E25802100914993 /* step-2.6-roshambo.app */;
			productType = "com.apple.product-type.application";
		};
		EE68DE1F1E25802100914993 /* step-2.6-roshamboTests */ = {
			isa = PBXNativeTarget;
			buildConfigurationList = EE68DE371E25802100914993 /* Build configuration list for PBXNativeTarget "step-2.6-roshamboTests" */;
			buildPhases = (
				EE68DE1C1E25802100914993 /* Sources */,
				EE68DE1D1E25802100914993 /* Frameworks */,
				EE68DE1E1E25802100914993 /* Resources */,
			);
			buildRules = (
			);
			dependencies = (
				EE68DE221E25802100914993 /* PBXTargetDependency */,
			);
			name = "step-2.6-roshamboTests";
			productName = "step-2.6-roshamboTests";
			productReference = EE68DE201E25802100914993 /* step-2.6-roshamboTests.xctest */;
			productType = "com.apple.product-type.bundle.unit-test";
		};
		EE68DE2A1E25802100914993 /* step-2.6-roshamboUITests */ = {
			isa = PBXNativeTarget;
			buildConfigurationList = EE68DE3A1E25802100914993 /* Build configuration list for PBXNativeTarget "step-2.6-roshamboUITests" */;
			buildPhases = (
				EE68DE271E25802100914993 /* Sources */,
				EE68DE281E25802100914993 /* Frameworks */,
				EE68DE291E25802100914993 /* Resources */,
			);
			buildRules = (
			);
			dependencies = (
				EE68DE2D1E25802100914993 /* PBXTargetDependency */,
			);
			name = "step-2.6-roshamboUITests";
			productName = "step-2.6-roshamboUITests";
			productReference = EE68DE2B1E25802100914993 /* step-2.6-roshamboUITests.xctest */;
			productType = "com.apple.product-type.bundle.ui-testing";
		};
/* End PBXNativeTarget section */

/* Begin PBXProject section */
		EE68DE041E25802000914993 /* Project object */ = {
			isa = PBXProject;
			attributes = {
				LastSwiftUpdateCheck = 0800;
				LastUpgradeCheck = 0800;
				ORGANIZATIONNAME = "Renato Semadeni";
				TargetAttributes = {
					EE68DE0B1E25802000914993 = {
						CreatedOnToolsVersion = 8.0;
						ProvisioningStyle = Automatic;
					};
					EE68DE1F1E25802100914993 = {
						CreatedOnToolsVersion = 8.0;
						ProvisioningStyle = Automatic;
						TestTargetID = EE68DE0B1E25802000914993;
					};
					EE68DE2A1E25802100914993 = {
						CreatedOnToolsVersion = 8.0;
						ProvisioningStyle = Automatic;
						TestTargetID = EE68DE0B1E25802000914993;
					};
				};
			};
			buildConfigurationList = EE68DE071E25802000914993 /* Build configuration list for PBXProject "step-2.6-roshambo" */;
			compatibilityVersion = "Xcode 3.2";
			developmentRegion = English;
			hasScannedForEncodings = 0;
			knownRegions = (
				en,
				Base,
			);
			mainGroup = EE68DE031E25802000914993;
			productRefGroup = EE68DE0D1E25802100914993 /* Products */;
			projectDirPath = "";
			projectRoot = "";
			targets = (
				EE68DE0B1E25802000914993 /* step-2.6-roshambo */,
				EE68DE1F1E25802100914993 /* step-2.6-roshamboTests */,
				EE68DE2A1E25802100914993 /* step-2.6-roshamboUITests */,
			);
		};
/* End PBXProject section */

/* Begin PBXResourcesBuildPhase section */
		EE68DE0A1E25802000914993 /* Resources */ = {
			isa = PBXResourcesBuildPhase;
			buildActionMask = 2147483647;
			files = (
				EE68DE1A1E25802100914993 /* LaunchScreen.storyboard in Resources */,
				EE68DE171E25802100914993 /* Assets.xcassets in Resources */,
				EE68DE151E25802100914993 /* Main.storyboard in Resources */,
			);
			runOnlyForDeploymentPostprocessing = 0;
		};
		EE68DE1E1E25802100914993 /* Resources */ = {
			isa = PBXResourcesBuildPhase;
			buildActionMask = 2147483647;
			files = (
			);
			runOnlyForDeploymentPostprocessing = 0;
		};
		EE68DE291E25802100914993 /* Resources */ = {
			isa = PBXResourcesBuildPhase;
			buildActionMask = 2147483647;
			files = (
			);
			runOnlyForDeploymentPostprocessing = 0;
		};
/* End PBXResourcesBuildPhase section */

/* Begin PBXSourcesBuildPhase section */
		EE68DE081E25802000914993 /* Sources */ = {
			isa = PBXSourcesBuildPhase;
			buildActionMask = 2147483647;
			files = (
				EE68DE3E1E2582AD00914993 /* ChoiceViewController.swift in Sources */,
				EE68DE121E25802100914993 /* ViewController.swift in Sources */,
				EE68DE101E25802100914993 /* AppDelegate.swift in Sources */,
			);
			runOnlyForDeploymentPostprocessing = 0;
		};
		EE68DE1C1E25802100914993 /* Sources */ = {
			isa = PBXSourcesBuildPhase;
			buildActionMask = 2147483647;
			files = (
				EE68DE251E25802100914993 /* step_2_6_roshamboTests.swift in Sources */,
			);
			runOnlyForDeploymentPostprocessing = 0;
		};
		EE68DE271E25802100914993 /* Sources */ = {
			isa = PBXSourcesBuildPhase;
			buildActionMask = 2147483647;
			files = (
				EE68DE301E25802100914993 /* step_2_6_roshamboUITests.swift in Sources */,
			);
			runOnlyForDeploymentPostprocessing = 0;
		};
/* End PBXSourcesBuildPhase section */

/* Begin PBXTargetDependency section */
		EE68DE221E25802100914993 /* PBXTargetDependency */ = {
			isa = PBXTargetDependency;
			target = EE68DE0B1E25802000914993 /* step-2.6-roshambo */;
			targetProxy = EE68DE211E25802100914993 /* PBXContainerItemProxy */;
		};
		EE68DE2D1E25802100914993 /* PBXTargetDependency */ = {
			isa = PBXTargetDependency;
			target = EE68DE0B1E25802000914993 /* step-2.6-roshambo */;
			targetProxy = EE68DE2C1E25802100914993 /* PBXContainerItemProxy */;
		};
/* End PBXTargetDependency section */

/* Begin PBXVariantGroup section */
		EE68DE131E25802100914993 /* Main.storyboard */ = {
			isa = PBXVariantGroup;
			children = (
				EE68DE141E25802100914993 /* Base */,
			);
			name = Main.storyboard;
			sourceTree = "<group>";
		};
		EE68DE181E25802100914993 /* LaunchScreen.storyboard */ = {
			isa = PBXVariantGroup;
			children = (
				EE68DE191E25802100914993 /* Base */,
			);
			name = LaunchScreen.storyboard;
			sourceTree = "<group>";
		};
/* End PBXVariantGroup section */

/* Begin XCBuildConfiguration section */
		EE68DE321E25802100914993 /* Debug */ = {
			isa = XCBuildConfiguration;
			buildSettings = {
				ALWAYS_SEARCH_USER_PATHS = NO;
				CLANG_ANALYZER_NONNULL = YES;
				CLANG_CXX_LANGUAGE_STANDARD = "gnu++0x";
				CLANG_CXX_LIBRARY = "libc++";
				CLANG_ENABLE_MODULES = YES;
				CLANG_ENABLE_OBJC_ARC = YES;
				CLANG_WARN_BOOL_CONVERSION = YES;
				CLANG_WARN_CONSTANT_CONVERSION = YES;
				CLANG_WARN_DIRECT_OBJC_ISA_USAGE = YES_ERROR;
				CLANG_WARN_DOCUMENTATION_COMMENTS = YES;
				CLANG_WARN_EMPTY_BODY = YES;
				CLANG_WARN_ENUM_CONVERSION = YES;
				CLANG_WARN_INFINITE_RECURSION = YES;
				CLANG_WARN_INT_CONVERSION = YES;
				CLANG_WARN_OBJC_ROOT_CLASS = YES_ERROR;
				CLANG_WARN_SUSPICIOUS_MOVES = YES;
				CLANG_WARN_UNREACHABLE_CODE = YES;
				CLANG_WARN__DUPLICATE_METHOD_MATCH = YES;
				"CODE_SIGN_IDENTITY[sdk=iphoneos*]" = "iPhone Developer";
				COPY_PHASE_STRIP = NO;
				DEBUG_INFORMATION_FORMAT = dwarf;
				ENABLE_STRICT_OBJC_MSGSEND = YES;
				ENABLE_TESTABILITY = YES;
				GCC_C_LANGUAGE_STANDARD = gnu99;
				GCC_DYNAMIC_NO_PIC = NO;
				GCC_NO_COMMON_BLOCKS = YES;
				GCC_OPTIMIZATION_LEVEL = 0;
				GCC_PREPROCESSOR_DEFINITIONS = (
					"DEBUG=1",
					"$(inherited)",
				);
				GCC_WARN_64_TO_32_BIT_CONVERSION = YES;
				GCC_WARN_ABOUT_RETURN_TYPE = YES_ERROR;
				GCC_WARN_UNDECLARED_SELECTOR = YES;
				GCC_WARN_UNINITIALIZED_AUTOS = YES_AGGRESSIVE;
				GCC_WARN_UNUSED_FUNCTION = YES;
				GCC_WARN_UNUSED_VARIABLE = YES;
				IPHONEOS_DEPLOYMENT_TARGET = 10.0;
				MTL_ENABLE_DEBUG_INFO = YES;
				ONLY_ACTIVE_ARCH = YES;
				SDKROOT = iphoneos;
				SWIFT_ACTIVE_COMPILATION_CONDITIONS = DEBUG;
				SWIFT_OPTIMIZATION_LEVEL = "-Onone";
				TARGETED_DEVICE_FAMILY = "1,2";
			};
			name = Debug;
		};
		EE68DE331E25802100914993 /* Release */ = {
			isa = XCBuildConfiguration;
			buildSettings = {
				ALWAYS_SEARCH_USER_PATHS = NO;
				CLANG_ANALYZER_NONNULL = YES;
				CLANG_CXX_LANGUAGE_STANDARD = "gnu++0x";
				CLANG_CXX_LIBRARY = "libc++";
				CLANG_ENABLE_MODULES = YES;
				CLANG_ENABLE_OBJC_ARC = YES;
				CLANG_WARN_BOOL_CONVERSION = YES;
				CLANG_WARN_CONSTANT_CONVERSION = YES;
				CLANG_WARN_DIRECT_OBJC_ISA_USAGE = YES_ERROR;
				CLANG_WARN_DOCUMENTATION_COMMENTS = YES;
				CLANG_WARN_EMPTY_BODY = YES;
				CLANG_WARN_ENUM_CONVERSION = YES;
				CLANG_WARN_INFINITE_RECURSION = YES;
				CLANG_WARN_INT_CONVERSION = YES;
				CLANG_WARN_OBJC_ROOT_CLASS = YES_ERROR;
				CLANG_WARN_SUSPICIOUS_MOVES = YES;
				CLANG_WARN_UNREACHABLE_CODE = YES;
				CLANG_WARN__DUPLICATE_METHOD_MATCH = YES;
				"CODE_SIGN_IDENTITY[sdk=iphoneos*]" = "iPhone Developer";
				COPY_PHASE_STRIP = NO;
				DEBUG_INFORMATION_FORMAT = "dwarf-with-dsym";
				ENABLE_NS_ASSERTIONS = NO;
				ENABLE_STRICT_OBJC_MSGSEND = YES;
				GCC_C_LANGUAGE_STANDARD = gnu99;
				GCC_NO_COMMON_BLOCKS = YES;
				GCC_WARN_64_TO_32_BIT_CONVERSION = YES;
				GCC_WARN_ABOUT_RETURN_TYPE = YES_ERROR;
				GCC_WARN_UNDECLARED_SELECTOR = YES;
				GCC_WARN_UNINITIALIZED_AUTOS = YES_AGGRESSIVE;
				GCC_WARN_UNUSED_FUNCTION = YES;
				GCC_WARN_UNUSED_VARIABLE = YES;
				IPHONEOS_DEPLOYMENT_TARGET = 10.0;
				MTL_ENABLE_DEBUG_INFO = NO;
				SDKROOT = iphoneos;
				SWIFT_OPTIMIZATION_LEVEL = "-Owholemodule";
				TARGETED_DEVICE_FAMILY = "1,2";
				VALIDATE_PRODUCT = YES;
			};
			name = Release;
		};
		EE68DE351E25802100914993 /* Debug */ = {
			isa = XCBuildConfiguration;
			buildSettings = {
				ASSETCATALOG_COMPILER_APPICON_NAME = AppIcon;
				INFOPLIST_FILE = "step-2.6-roshambo/Info.plist";
				LD_RUNPATH_SEARCH_PATHS = "$(inherited) @executable_path/Frameworks";
				PRODUCT_BUNDLE_IDENTIFIER = "resema.step-2-6-roshambo";
				PRODUCT_NAME = "$(TARGET_NAME)";
				SWIFT_VERSION = 3.0;
			};
			name = Debug;
		};
		EE68DE361E25802100914993 /* Release */ = {
			isa = XCBuildConfiguration;
			buildSettings = {
				ASSETCATALOG_COMPILER_APPICON_NAME = AppIcon;
				INFOPLIST_FILE = "step-2.6-roshambo/Info.plist";
				LD_RUNPATH_SEARCH_PATHS = "$(inherited) @executable_path/Frameworks";
				PRODUCT_BUNDLE_IDENTIFIER = "resema.step-2-6-roshambo";
				PRODUCT_NAME = "$(TARGET_NAME)";
				SWIFT_VERSION = 3.0;
			};
			name = Release;
		};
		EE68DE381E25802100914993 /* Debug */ = {
			isa = XCBuildConfiguration;
			buildSettings = {
				ALWAYS_EMBED_SWIFT_STANDARD_LIBRARIES = YES;
				BUNDLE_LOADER = "$(TEST_HOST)";
				INFOPLIST_FILE = "step-2.6-roshamboTests/Info.plist";
				LD_RUNPATH_SEARCH_PATHS = "$(inherited) @executable_path/Frameworks @loader_path/Frameworks";
				PRODUCT_BUNDLE_IDENTIFIER = "resema.step-2-6-roshamboTests";
				PRODUCT_NAME = "$(TARGET_NAME)";
				SWIFT_VERSION = 3.0;
				TEST_HOST = "$(BUILT_PRODUCTS_DIR)/step-2.6-roshambo.app/step-2.6-roshambo";
			};
			name = Debug;
		};
		EE68DE391E25802100914993 /* Release */ = {
			isa = XCBuildConfiguration;
			buildSettings = {
				ALWAYS_EMBED_SWIFT_STANDARD_LIBRARIES = YES;
				BUNDLE_LOADER = "$(TEST_HOST)";
				INFOPLIST_FILE = "step-2.6-roshamboTests/Info.plist";
				LD_RUNPATH_SEARCH_PATHS = "$(inherited) @executable_path/Frameworks @loader_path/Frameworks";
				PRODUCT_BUNDLE_IDENTIFIER = "resema.step-2-6-roshamboTests";
				PRODUCT_NAME = "$(TARGET_NAME)";
				SWIFT_VERSION = 3.0;
				TEST_HOST = "$(BUILT_PRODUCTS_DIR)/step-2.6-roshambo.app/step-2.6-roshambo";
			};
			name = Release;
		};
		EE68DE3B1E25802100914993 /* Debug */ = {
			isa = XCBuildConfiguration;
			buildSettings = {
				ALWAYS_EMBED_SWIFT_STANDARD_LIBRARIES = YES;
				INFOPLIST_FILE = "step-2.6-roshamboUITests/Info.plist";
				LD_RUNPATH_SEARCH_PATHS = "$(inherited) @executable_path/Frameworks @loader_path/Frameworks";
				PRODUCT_BUNDLE_IDENTIFIER = "resema.step-2-6-roshamboUITests";
				PRODUCT_NAME = "$(TARGET_NAME)";
				SWIFT_VERSION = 3.0;
				TEST_TARGET_NAME = "step-2.6-roshambo";
			};
			name = Debug;
		};
		EE68DE3C1E25802100914993 /* Release */ = {
			isa = XCBuildConfiguration;
			buildSettings = {
				ALWAYS_EMBED_SWIFT_STANDARD_LIBRARIES = YES;
				INFOPLIST_FILE = "step-2.6-roshamboUITests/Info.plist";
				LD_RUNPATH_SEARCH_PATHS = "$(inherited) @executable_path/Frameworks @loader_path/Frameworks";
				PRODUCT_BUNDLE_IDENTIFIER = "resema.step-2-6-roshamboUITests";
				PRODUCT_NAME = "$(TARGET_NAME)";
				SWIFT_VERSION = 3.0;
				TEST_TARGET_NAME = "step-2.6-roshambo";
			};
			name = Release;
		};
/* End XCBuildConfiguration section */

/* Begin XCConfigurationList section */
		EE68DE071E25802000914993 /* Build configuration list for PBXProject "step-2.6-roshambo" */ = {
			isa = XCConfigurationList;
			buildConfigurations = (
				EE68DE321E25802100914993 /* Debug */,
				EE68DE331E25802100914993 /* Release */,
			);
			defaultConfigurationIsVisible = 0;
			defaultConfigurationName = Release;
		};
		EE68DE341E25802100914993 /* Build configuration list for PBXNativeTarget "step-2.6-roshambo" */ = {
			isa = XCConfigurationList;
			buildConfigurations = (
				EE68DE351E25802100914993 /* Debug */,
				EE68DE361E25802100914993 /* Release */,
			);
			defaultConfigurationIsVisible = 0;
			defaultConfigurationName = Release;
		};
		EE68DE371E25802100914993 /* Build configuration list for PBXNativeTarget "step-2.6-roshamboTests" */ = {
			isa = XCConfigurationList;
			buildConfigurations = (
				EE68DE381E25802100914993 /* Debug */,
				EE68DE391E25802100914993 /* Release */,
			);
			defaultConfigurationIsVisible = 0;
			defaultConfigurationName = Release;
		};
		EE68DE3A1E25802100914993 /* Build configuration list for PBXNativeTarget "step-2.6-roshamboUITests" */ = {
			isa = XCConfigurationList;
			buildConfigurations = (
				EE68DE3B1E25802100914993 /* Debug */,
				EE68DE3C1E25802100914993 /* Release */,
			);
			defaultConfigurationIsVisible = 0;
			defaultConfigurationName = Release;
		};
/* End XCConfigurationList section */
	};
	rootObject = EE68DE041E25802000914993 /* Project object */;
}
